<?xml version="1.0" encoding="UTF-8" standalone="yes" ?>
<CodeBlocks_project_file>
	<FileVersion major="1" minor="6" />
	<Project>
		<Option title="Project1" />
		<Option pch_mode="2" />
		<Option compiler="gcc" />
		<Build>
			<Target title="default">
				<Option output="TubesSDA" prefix_auto="1" extension_auto="1" />
				<Option type="1" />
				<Option compiler="gcc" />
			</Target>
		</Build>
		<Unit filename="List.cpp" />
		<Unit filename="List.h" />
		<Unit filename="Logic.h" />
		<Unit filename="menu.cpp" />
		<Unit filename="welcome.cpp" />
		<Extensions>
			<lib_finder disable_auto="1" />
		</Extensions>
	</Project>
</CodeBlocks_project_file>
